# This file is automatically @generated by Cargo.
# It is not intended for manual editing.
version = 4

[[package]]
name = "bcc"
version = "0.0.0"
dependencies = [
 "obj",
 "x86",
]

[[package]]
name = "bcc-wasm"
version = "0.0.0"
dependencies = [
 "bcc",
 "tasm",
 "tlink",
]

[[package]]
name = "obj"
version = "0.0.0"

[[package]]
name = "tasm"
version = "0.0.0"
dependencies = [
 "obj",
 "x86",
]

[[package]]
name = "tlink"
version = "0.0.0"
dependencies = [
 "obj",
]

[[package]]
name = "x86"
version = "0.0.0"
